
Microsoft Visual Studio Solution File, Format Version 12.00
# Visual Studio 15
VisualStudioVersion = 15.0.27428.2043
MinimumVisualStudioVersion = 10.0.40219.1
Project("{FAE04EC0-301F-11D3-BF4B-00C04F79EFBC}") = "GettingStartedWithAngular", "GettingStartedWithAngular\GettingStartedWithAngular.csproj", "{B4F5DF8F-FFDE-474C-A769-A1F25C65925F}"
EndProject
Global
	GlobalSection(SolutionConfigurationPlatforms) = preSolution
		Debug|Any CPU = Debug|Any CPU
		Release|Any CPU = Release|Any CPU
	EndGlobalSection
	GlobalSection(ProjectConfigurationPlatforms) = postSolution
		{B4F5DF8F-FFDE-474C-A769-A1F25C65925F}.Debug|Any CPU.ActiveCfg = Debug|Any CPU
		{B4F5DF8F-FFDE-474C-A769-A1F25C65925F}.Debug|Any CPU.Build.0 = Debug|Any CPU
		{B4F5DF8F-FFDE-474C-A769-A1F25C65925F}.Release|Any CPU.ActiveCfg = Release|Any CPU
		{B4F5DF8F-FFDE-474C-A769-A1F25C65925F}.Release|Any CPU.Build.0 = Release|Any CPU
	EndGlobalSection
	GlobalSection(SolutionProperties) = preSolution
		HideSolutionNode = FALSE
	EndGlobalSection
	GlobalSection(ExtensibilityGlobals) = postSolution
		SolutionGuid = {D259BBC9-C04E-4D7E-BD2E-836D5404C57F}
	EndGlobalSection
EndGlobal
